
Microsoft Visual Studio Solution File, Format Version 12.00
# Visual Studio Version 17
VisualStudioVersion = 17.11.35219.272
MinimumVisualStudioVersion = 10.0.40219.1
Project("{FAE04EC0-301F-11D3-BF4B-00C04F79EFBC}") = "ProductsPricing", "ProductsPricing\ProductsPricing.csproj", "{C025D3FF-82AD-4F9F-A9BC-EC36DE8B3C1A}"
EndProject
Global
	GlobalSection(SolutionConfigurationPlatforms) = preSolution
		Debug|Any CPU = Debug|Any CPU
		Release|Any CPU = Release|Any CPU
	EndGlobalSection
	GlobalSection(ProjectConfigurationPlatforms) = postSolution
		{C025D3FF-82AD-4F9F-A9BC-EC36DE8B3C1A}.Debug|Any CPU.ActiveCfg = Debug|Any CPU
		{C025D3FF-82AD-4F9F-A9BC-EC36DE8B3C1A}.Debug|Any CPU.Build.0 = Debug|Any CPU
		{C025D3FF-82AD-4F9F-A9BC-EC36DE8B3C1A}.Release|Any CPU.ActiveCfg = Release|Any CPU
		{C025D3FF-82AD-4F9F-A9BC-EC36DE8B3C1A}.Release|Any CPU.Build.0 = Release|Any CPU
	EndGlobalSection
	GlobalSection(SolutionProperties) = preSolution
		HideSolutionNode = FALSE
	EndGlobalSection
	GlobalSection(ExtensibilityGlobals) = postSolution
		SolutionGuid = {0C0F91E9-9591-4207-BB1C-CF396F77C8CE}
	EndGlobalSection
EndGlobal
